
Microsoft Visual Studio Solution File, Format Version 12.00
# Visual Studio Version 16
VisualStudioVersion = 25.0.1704.0
MinimumVisualStudioVersion = 10.0.40219.1
Project("{FAE04EC0-301F-11D3-BF4B-00C04F79EFBC}") = "BlazorEcommerce.Server", "BlazorEcommerce\Server\BlazorEcommerce.Server.csproj", "{C8C62503-41A1-4D9D-9595-CDF289FD4ADC}"
EndProject
Project("{FAE04EC0-301F-11D3-BF4B-00C04F79EFBC}") = "BlazorEcommerce.Client", "BlazorEcommerce\Client\BlazorEcommerce.Client.csproj", "{0DB81E01-F1C9-4FF9-9710-6FE02CDB7293}"
EndProject
Project("{FAE04EC0-301F-11D3-BF4B-00C04F79EFBC}") = "BlazorEcommerce.Shared", "BlazorEcommerce\Shared\BlazorEcommerce.Shared.csproj", "{1005F761-2618-48DC-B7D8-A8256E5B195B}"
EndProject
Global
	GlobalSection(SolutionConfigurationPlatforms) = preSolution
		Debug|Any CPU = Debug|Any CPU
		Release|Any CPU = Release|Any CPU
	EndGlobalSection
	GlobalSection(ProjectConfigurationPlatforms) = postSolution
		{C8C62503-41A1-4D9D-9595-CDF289FD4ADC}.Debug|Any CPU.ActiveCfg = Debug|Any CPU
		{C8C62503-41A1-4D9D-9595-CDF289FD4ADC}.Debug|Any CPU.Build.0 = Debug|Any CPU
		{C8C62503-41A1-4D9D-9595-CDF289FD4ADC}.Release|Any CPU.ActiveCfg = Release|Any CPU
		{C8C62503-41A1-4D9D-9595-CDF289FD4ADC}.Release|Any CPU.Build.0 = Release|Any CPU
		{0DB81E01-F1C9-4FF9-9710-6FE02CDB7293}.Debug|Any CPU.ActiveCfg = Debug|Any CPU
		{0DB81E01-F1C9-4FF9-9710-6FE02CDB7293}.Debug|Any CPU.Build.0 = Debug|Any CPU
		{0DB81E01-F1C9-4FF9-9710-6FE02CDB7293}.Release|Any CPU.ActiveCfg = Release|Any CPU
		{0DB81E01-F1C9-4FF9-9710-6FE02CDB7293}.Release|Any CPU.Build.0 = Release|Any CPU
		{1005F761-2618-48DC-B7D8-A8256E5B195B}.Debug|Any CPU.ActiveCfg = Debug|Any CPU
		{1005F761-2618-48DC-B7D8-A8256E5B195B}.Debug|Any CPU.Build.0 = Debug|Any CPU
		{1005F761-2618-48DC-B7D8-A8256E5B195B}.Release|Any CPU.ActiveCfg = Release|Any CPU
		{1005F761-2618-48DC-B7D8-A8256E5B195B}.Release|Any CPU.Build.0 = Release|Any CPU
	EndGlobalSection
	GlobalSection(SolutionProperties) = preSolution
		HideSolutionNode = FALSE
	EndGlobalSection
	GlobalSection(ExtensibilityGlobals) = postSolution
		SolutionGuid = {918A56B5-266F-49DE-8A04-98C654A796C1}
	EndGlobalSection
EndGlobal
